<?xml version="1.0" encoding="utf-8"?>
<Project ToolsVersion="4.0" xmlns="http://schemas.microsoft.com/developer/msbuild/2003">
  <ItemGroup>
    <Filter Include="Header Files">
      <UniqueIdentifier>{665482c0-e278-4d4a-8f8f-15bc02f8f9f5}</UniqueIdentifier>
    </Filter>
    <Filter Include="Source Files">
      <UniqueIdentifier>{d2900f56-302a-4729-acb6-eaf277c463b5}</UniqueIdentifier>
    </Filter>
    <Filter Include="Vendor">
      <UniqueIdentifier>{60835733-427c-4f1b-94ca-58de3d3de5d4}</UniqueIdentifier>
    </Filter>
    <Filter Include="Header Files\Types">
      <UniqueIdentifier>{474442bd-672f-4dbf-b99b-97b35d1c47d2}</UniqueIdentifier>
    </Filter>
    <Filter Include="Source Files\Types">
      <UniqueIdentifier>{82912e9e-46cf-4e55-b0d3-f374b3a6198f}</UniqueIdentifier>
    </Filter>
  </ItemGroup>
  <ItemGroup>
    <ClCompile Include="source\DataMatcher.cpp">
      <Filter>Source Files</Filter>
    </ClCompile>
    <ClCompile Include="vendor\jsonxx\jsonxx.cc">
      <Filter>Vendor</Filter>
    </ClCompile>
    <ClCompile Include="source\InputValidator.cpp">
      <Filter>Source Files</Filter>
    </ClCompile>
    <ClCompile Include="source\types\MapResourceFile.cpp">
      <Filter>Source Files\Types</Filter>
    </ClCompile>
    <ClCompile Include="source\types\PackageMapSpec.cpp">
      <Filter>Source Files\Types</Filter>
    </ClCompile>
    <ClCompile Include="source\types\ResourceFile.cpp">
      <Filter>Source Files\Types</Filter>
    </ClCompile>
    <ClCompile Include="source\DataAggregator.cpp">
      <Filter>Source Files</Filter>
    </ClCompile>
    <ClCompile Include="source\MapResourceExtractor.cpp">
      <Filter>Source Files</Filter>
    </ClCompile>
    <ClCompile Include="source\RSDataGenerator.cpp">
      <Filter>Source Files</Filter>
    </ClCompile>
    <ClCompile Include="source\Oodle.cpp">
      <Filter>Source Files</Filter>
    </ClCompile>
  </ItemGroup>
  <ItemGroup>
    <ClInclude Include="vendor\jsonxx\jsonxx.h">
      <Filter>Vendor</Filter>
    </ClInclude>
    <ClInclude Include="source\DataMatcher.h">
      <Filter>Header Files</Filter>
    </ClInclude>
    <ClInclude Include="source\InputValidator.h">
      <Filter>Header Files</Filter>
    </ClInclude>
    <ClInclude Include="source\types\MapResourceFile.h">
      <Filter>Header Files\Types</Filter>
    </ClInclude>
    <ClInclude Include="source\types\PackageMapSpec.h">
      <Filter>Header Files\Types</Filter>
    </ClInclude>
    <ClInclude Include="source\types\ResourceFile.h">
      <Filter>Header Files\Types</Filter>
    </ClInclude>
    <ClInclude Include="source\DataAggregator.h">
      <Filter>Header Files</Filter>
    </ClInclude>
    <ClInclude Include="source\MapResourceExtractor.h">
      <Filter>Header Files</Filter>
    </ClInclude>
    <ClInclude Include="source\RSDataGenerator.h">
      <Filter>Header Files</Filter>
    </ClInclude>
    <ClInclude Include="source\Oodle.h">
      <Filter>Header Files</Filter>
    </ClInclude>
    <ClInclude Include="source\types\SharedStructs.h">
      <Filter>Header Files\Types</Filter>
    </ClInclude>
  </ItemGroup>
</Project>